
Microsoft Visual Studio Solution File, Format Version 12.00
# Visual Studio Version 17
VisualStudioVersion = 17.7.34003.232
MinimumVisualStudioVersion = 10.0.40219.1
Project("{9A19103F-16F7-4668-BE54-9A1E7A4F7556}") = "QuizApp.Bot", "QuizApp.Bot.csproj", "{DF121D72-350A-43F0-AB91-281E60B01083}"
EndProject
Global
	GlobalSection(SolutionConfigurationPlatforms) = preSolution
		Debug|Any CPU = Debug|Any CPU
		Release|Any CPU = Release|Any CPU
	EndGlobalSection
	GlobalSection(ProjectConfigurationPlatforms) = postSolution
		{DF121D72-350A-43F0-AB91-281E60B01083}.Debug|Any CPU.ActiveCfg = Debug|Any CPU
		{DF121D72-350A-43F0-AB91-281E60B01083}.Debug|Any CPU.Build.0 = Debug|Any CPU
		{DF121D72-350A-43F0-AB91-281E60B01083}.Release|Any CPU.ActiveCfg = Release|Any CPU
		{DF121D72-350A-43F0-AB91-281E60B01083}.Release|Any CPU.Build.0 = Release|Any CPU
	EndGlobalSection
	GlobalSection(SolutionProperties) = preSolution
		HideSolutionNode = FALSE
	EndGlobalSection
	GlobalSection(ExtensibilityGlobals) = postSolution
		SolutionGuid = {F151A8F9-A65D-4568-85E6-85FB0249A56F}
	EndGlobalSection
EndGlobal
